
Microsoft Visual Studio Solution File, Format Version 12.00
# Visual Studio Version 17
VisualStudioVersion = 17.0.31903.59
MinimumVisualStudioVersion = 10.0.40219.1
Project("{FAE04EC0-301F-11D3-BF4B-00C04F79EFBC}") = "SharpMiner", "SharpMiner.csproj", "{F66FEB54-7CB8-40B7-8FB7-70B415E8A808}"
EndProject
Project("{FAE04EC0-301F-11D3-BF4B-00C04F79EFBC}") = "SharpMiner.Test", "SharpMiner.Test\SharpMiner.Test.csproj", "{DA495CDB-4480-4851-A525-90FA4FDD1688}"
EndProject
Global
	GlobalSection(SolutionConfigurationPlatforms) = preSolution
		Debug|Any CPU = Debug|Any CPU
		Release|Any CPU = Release|Any CPU
	EndGlobalSection
	GlobalSection(SolutionProperties) = preSolution
		HideSolutionNode = FALSE
	EndGlobalSection
	GlobalSection(ProjectConfigurationPlatforms) = postSolution
		{F66FEB54-7CB8-40B7-8FB7-70B415E8A808}.Debug|Any CPU.ActiveCfg = Debug|Any CPU
		{F66FEB54-7CB8-40B7-8FB7-70B415E8A808}.Debug|Any CPU.Build.0 = Debug|Any CPU
		{F66FEB54-7CB8-40B7-8FB7-70B415E8A808}.Release|Any CPU.ActiveCfg = Release|Any CPU
		{F66FEB54-7CB8-40B7-8FB7-70B415E8A808}.Release|Any CPU.Build.0 = Release|Any CPU
		{DA495CDB-4480-4851-A525-90FA4FDD1688}.Debug|Any CPU.ActiveCfg = Debug|Any CPU
		{DA495CDB-4480-4851-A525-90FA4FDD1688}.Debug|Any CPU.Build.0 = Debug|Any CPU
		{DA495CDB-4480-4851-A525-90FA4FDD1688}.Release|Any CPU.ActiveCfg = Release|Any CPU
		{DA495CDB-4480-4851-A525-90FA4FDD1688}.Release|Any CPU.Build.0 = Release|Any CPU
	EndGlobalSection
EndGlobal
